lockfileVersion: '9.0'

settings:
  autoInstallPeers: true
  excludeLinksFromLockfile: false

importers:

  .:
    dependencies:
      '@mediapipe/camera_utils':
        specifier: ^0.3.1675466862
        version: 0.3.1675466862
      '@mediapipe/face_detection':
        specifier: ^0.4.1646425229
        version: 0.4.1646425229
      simplex-noise:
        specifier: ^4.0.3
        version: 4.0.3

packages:

  '@mediapipe/camera_utils@0.3.1675466862':
    resolution: {integrity: sha512-siuXBoUxWo9WL0MeAxIxvxY04bvbtdNl7uCxoJxiAiRtNnCYrurr7Vl5VYQ94P7Sq0gVq6PxIDhWWeZ/pLnSzw==}

  '@mediapipe/face_detection@0.4.1646425229':
    resolution: {integrity: sha512-aeCN+fRAojv9ch3NXorP6r5tcGVLR3/gC1HmtqB0WEZBRXrdP6/3W/sGR0dHr1iT6ueiK95G9PVjbzFosf/hrg==}

  simplex-noise@4.0.3:
    resolution: {integrity: sha512-qSE2I4AngLQG7BXqoZj51jokT4WUXe8mOBrvfOXpci8+6Yu44+/dD5zqDpOx3Ux792eamTd2lLcI8jqFntk/lg==}

snapshots:

  '@mediapipe/camera_utils@0.3.1675466862': {}

  '@mediapipe/face_detection@0.4.1646425229': {}

  simplex-noise@4.0.3: {}
